# THIS IS AN AUTOGENERATED FILE. DO NOT EDIT THIS FILE DIRECTLY.
# yarn lockfile v1


"@cloudflare/kv-asset-handler@0.0.11":
  version "0.0.11"
  resolved "https://registry.yarnpkg.com/@cloudflare/kv-asset-handler/-/kv-asset-handler-0.0.11.tgz#3f0200717c76d326122bd59b06074df27f9e3f4f"
  integrity sha512-D2kGr8NF2Er//Mx0c4+8FtOHuLrnwOlpC48TbtyxRSegG/Js15OKoqxxlG9BMUj3V/YSqtN8bUU6pjaRlsoSqg==
  dependencies:
    "@cloudflare/workers-types" "^2.0.0"
    "@types/mime" "^2.0.2"
    mime "^2.4.6"

"@cloudflare/workers-types@^2.0.0":
  version "2.0.0"
  resolved "https://registry.yarnpkg.com/@cloudflare/workers-types/-/workers-types-2.0.0.tgz#c57162155bd83744a0fa83276ffec0ad430f14e4"
  integrity sha512-SFUPQzR5aV2TBLP4Re+xNX5KfAGArcRGA44OLulBDnfblEf3J+6kFvdJAQwFhFpqru3wImwT1cX0wahk6EeWTw==

"@types/mime@^2.0.2":
  version "2.0.2"
  resolved "https://registry.yarnpkg.com/@types/mime/-/mime-2.0.2.tgz#857a118d8634c84bba7ae14088e4508490cd5da5"
  integrity sha512-4kPlzbljFcsttWEq6aBW0OZe6BDajAmyvr2xknBG92tejQnvdGtT9+kXSZ580DqpxY9qG2xeQVF9Dq0ymUTo5Q==

mime@^2.4.6:
  version "2.4.6"
  resolved "https://registry.yarnpkg.com/mime/-/mime-2.4.6.tgz#e5b407c90db442f2beb5b162373d07b69affa4d1"
  integrity sha512-RZKhC3EmpBchfTGBVb8fb+RL2cWyw/32lshnsETttkBAyAUXSGHxbEJWWRXc751DrIxG1q04b8QwMbAwkRPpUA==
